
Microsoft Visual Studio Solution File, Format Version 12.00
# Visual Studio Version 17
VisualStudioVersion = 17.5.33516.290
MinimumVisualStudioVersion = 10.0.40219.1
Project("{FAE04EC0-301F-11D3-BF4B-00C04F79EFBC}") = "pryGerhauser I.E. LP1", "pryGerhauser I.E. LP1\pryGerhauser I.E. LP1.csproj", "{9AAF6278-E7EB-44AF-BFBB-940EA67A9609}"
EndProject
Global
	GlobalSection(SolutionConfigurationPlatforms) = preSolution
		Debug|Any CPU = Debug|Any CPU
		Release|Any CPU = Release|Any CPU
	EndGlobalSection
	GlobalSection(ProjectConfigurationPlatforms) = postSolution
		{9AAF6278-E7EB-44AF-BFBB-940EA67A9609}.Debug|Any CPU.ActiveCfg = Debug|Any CPU
		{9AAF6278-E7EB-44AF-BFBB-940EA67A9609}.Debug|Any CPU.Build.0 = Debug|Any CPU
		{9AAF6278-E7EB-44AF-BFBB-940EA67A9609}.Release|Any CPU.ActiveCfg = Release|Any CPU
		{9AAF6278-E7EB-44AF-BFBB-940EA67A9609}.Release|Any CPU.Build.0 = Release|Any CPU
	EndGlobalSection
	GlobalSection(SolutionProperties) = preSolution
		HideSolutionNode = FALSE
	EndGlobalSection
	GlobalSection(ExtensibilityGlobals) = postSolution
		SolutionGuid = {2FC66FC9-2FEB-464A-901A-12A5637C442D}
	EndGlobalSection
EndGlobal
